// !$*UTF8*$!
{
	archiveVersion = 1;
	classes = {
	};
	objectVersion = 46;
	objects = {

/* Begin PBXBuildFile section */
		DCBBFCC820192F900059959F /* AppDelegate.swift in Sources */ = {isa = PBXBuildFile; fileRef = DCBBFCC720192F900059959F /* AppDelegate.swift */; };
		DCBBFCCA20192F900059959F /* ViewController.swift in Sources */ = {isa = PBXBuildFile; fileRef = DCBBFCC920192F900059959F /* ViewController.swift */; };
		DCBBFCCD20192F900059959F /* Main.storyboard in Resources */ = {isa = PBXBuildFile; fileRef = DCBBFCCB20192F900059959F /* Main.storyboard */; };
		DCBBFCCF20192F900059959F /* Assets.xcassets in Resources */ = {isa = PBXBuildFile; fileRef = DCBBFCCE20192F900059959F /* Assets.xcassets */; };
		DCBBFCD220192F900059959F /* LaunchScreen.storyboard in Resources */ = {isa = PBXBuildFile; fileRef = DCBBFCD020192F900059959F /* LaunchScreen.storyboard */; };
		DCBBFCDD20192F900059959F /* Tip_CalculatorTests.swift in Sources */ = {isa = PBXBuildFile; fileRef = DCBBFCDC20192F900059959F /* Tip_CalculatorTests.swift */; };
		DCBBFCE820192F900059959F /* Tip_CalculatorUITests.swift in Sources */ = {isa = PBXBuildFile; fileRef = DCBBFCE720192F900059959F /* Tip_CalculatorUITests.swift */; };
/* End PBXBuildFile section */

/* Begin PBXContainerItemProxy section */
		DCBBFCD920192F900059959F /* PBXContainerItemProxy */ = {
			isa = PBXContainerItemProxy;
			containerPortal = DCBBFCBC20192F900059959F /* Project object */;
			proxyType = 1;
			remoteGlobalIDString = DCBBFCC320192F900059959F;
			remoteInfo = "Tip Calculator";
		};
		DCBBFCE420192F900059959F /* PBXContainerItemProxy */ = {
			isa = PBXContainerItemProxy;
			containerPortal = DCBBFCBC20192F900059959F /* Project object */;
			proxyType = 1;
			remoteGlobalIDString = DCBBFCC320192F900059959F;
			remoteInfo = "Tip Calculator";
		};
/* End PBXContainerItemProxy section */

/* Begin PBXFileReference section */
		DCBBFCC420192F900059959F /* Tip Calculator.app */ = {isa = PBXFileReference; explicitFileType = wrapper.application; includeInIndex = 0; path = "Tip Calculator.app"; sourceTree = BUILT_PRODUCTS_DIR; };
		DCBBFCC720192F900059959F /* AppDelegate.swift */ = {isa = PBXFileReference; lastKnownFileType = sourcecode.swift; path = AppDelegate.swift; sourceTree = "<group>"; };
		DCBBFCC920192F900059959F /* ViewController.swift */ = {isa = PBXFileReference; lastKnownFileType = sourcecode.swift; path = ViewController.swift; sourceTree = "<group>"; };
		DCBBFCCC20192F900059959F /* Base */ = {isa = PBXFileReference; lastKnownFileType = file.storyboard; name = Base; path = Base.lproj/Main.storyboard; sourceTree = "<group>"; };
		DCBBFCCE20192F900059959F /* Assets.xcassets */ = {isa = PBXFileReference; lastKnownFileType = folder.assetcatalog; path = Assets.xcassets; sourceTree = "<group>"; };
		DCBBFCD120192F900059959F /* Base */ = {isa = PBXFileReference; lastKnownFileType = file.storyboard; name = Base; path = Base.lproj/LaunchScreen.storyboard; sourceTree = "<group>"; };
		DCBBFCD320192F900059959F /* Info.plist */ = {isa = PBXFileReference; lastKnownFileType = text.plist.xml; path = Info.plist; sourceTree = "<group>"; };
		DCBBFCD820192F900059959F /* Tip CalculatorTests.xctest */ = {isa = PBXFileReference; explicitFileType = wrapper.cfbundle; includeInIndex = 0; path = "Tip CalculatorTests.xctest"; sourceTree = BUILT_PRODUCTS_DIR; };
		DCBBFCDC20192F900059959F /* Tip_CalculatorTests.swift */ = {isa = PBXFileReference; lastKnownFileType = sourcecode.swift; path = Tip_CalculatorTests.swift; sourceTree = "<group>"; };
		DCBBFCDE20192F900059959F /* Info.plist */ = {isa = PBXFileReference; lastKnownFileType = text.plist.xml; path = Info.plist; sourceTree = "<group>"; };
		DCBBFCE320192F900059959F /* Tip CalculatorUITests.xctest */ = {isa = PBXFileReference; explicitFileType = wrapper.cfbundle; includeInIndex = 0; path = "Tip CalculatorUITests.xctest"; sourceTree = BUILT_PRODUCTS_DIR; };
		DCBBFCE720192F900059959F /* Tip_CalculatorUITests.swift */ = {isa = PBXFileReference; lastKnownFileType = sourcecode.swift; path = Tip_CalculatorUITests.swift; sourceTree = "<group>"; };
		DCBBFCE920192F900059959F /* Info.plist */ = {isa = PBXFileReference; lastKnownFileType = text.plist.xml; path = Info.plist; sourceTree = "<group>"; };
/* End PBXFileReference section */

/* Begin PBXFrameworksBuildPhase section */
		DCBBFCC120192F900059959F /* Frameworks */ = {
			isa = PBXFrameworksBuildPhase;
			buildActionMask = 2147483647;
			files = (
			);
			runOnlyForDeploymentPostprocessing = 0;
		};
		DCBBFCD520192F900059959F /* Frameworks */ = {
			isa = PBXFrameworksBuildPhase;
			buildActionMask = 2147483647;
			files = (
			);
			runOnlyForDeploymentPostprocessing = 0;
		};
		DCBBFCE020192F900059959F /* Frameworks */ = {
			isa = PBXFrameworksBuildPhase;
			buildActionMask = 2147483647;
			files = (
			);
			runOnlyForDeploymentPostprocessing = 0;
		};
/* End PBXFrameworksBuildPhase section */

/* Begin PBXGroup section */
		DCBBFCBB20192F900059959F = {
			isa = PBXGroup;
			children = (
				DCBBFCC620192F900059959F /* Tip Calculator */,
				DCBBFCDB20192F900059959F /* Tip CalculatorTests */,
				DCBBFCE620192F900059959F /* Tip CalculatorUITests */,
				DCBBFCC520192F900059959F /* Products */,
			);
			sourceTree = "<group>";
		};
		DCBBFCC520192F900059959F /* Products */ = {
			isa = PBXGroup;
			children = (
				DCBBFCC420192F900059959F /* Tip Calculator.app */,
				DCBBFCD820192F900059959F /* Tip CalculatorTests.xctest */,
				DCBBFCE320192F900059959F /* Tip CalculatorUITests.xctest */,
			);
			name = Products;
			sourceTree = "<group>";
		};
		DCBBFCC620192F900059959F /* Tip Calculator */ = {
			isa = PBXGroup;
			children = (
				DCBBFCC720192F900059959F /* AppDelegate.swift */,
				DCBBFCC920192F900059959F /* ViewController.swift */,
				DCBBFCCB20192F900059959F /* Main.storyboard */,
				DCBBFCCE20192F900059959F /* Assets.xcassets */,
				DCBBFCD020192F900059959F /* LaunchScreen.storyboard */,
				DCBBFCD320192F900059959F /* Info.plist */,
			);
			path = "Tip Calculator";
			sourceTree = "<group>";
		};
		DCBBFCDB20192F900059959F /* Tip CalculatorTests */ = {
			isa = PBXGroup;
			children = (
				DCBBFCDC20192F900059959F /* Tip_CalculatorTests.swift */,
				DCBBFCDE20192F900059959F /* Info.plist */,
			);
			path = "Tip CalculatorTests";
			sourceTree = "<group>";
		};
		DCBBFCE620192F900059959F /* Tip CalculatorUITests */ = {
			isa = PBXGroup;
			children = (
				DCBBFCE720192F900059959F /* Tip_CalculatorUITests.swift */,
				DCBBFCE920192F900059959F /* Info.plist */,
			);
			path = "Tip CalculatorUITests";
			sourceTree = "<group>";
		};
/* End PBXGroup section */

/* Begin PBXNativeTarget section */
		DCBBFCC320192F900059959F /* Tip Calculator */ = {
			isa = PBXNativeTarget;
			buildConfigurationList = DCBBFCEC20192F900059959F /* Build configuration list for PBXNativeTarget "Tip Calculator" */;
			buildPhases = (
				DCBBFCC020192F900059959F /* Sources */,
				DCBBFCC120192F900059959F /* Frameworks */,
				DCBBFCC220192F900059959F /* Resources */,
			);
			buildRules = (
			);
			dependencies = (
			);
			name = "Tip Calculator";
			productName = "Tip Calculator";
			productReference = DCBBFCC420192F900059959F /* Tip Calculator.app */;
			productType = "com.apple.product-type.application";
		};
		DCBBFCD720192F900059959F /* Tip CalculatorTests */ = {
			isa = PBXNativeTarget;
			buildConfigurationList = DCBBFCEF20192F900059959F /* Build configuration list for PBXNativeTarget "Tip CalculatorTests" */;
			buildPhases = (
				DCBBFCD420192F900059959F /* Sources */,
				DCBBFCD520192F900059959F /* Frameworks */,
				DCBBFCD620192F900059959F /* Resources */,
			);
			buildRules = (
			);
			dependencies = (
				DCBBFCDA20192F900059959F /* PBXTargetDependency */,
			);
			name = "Tip CalculatorTests";
			productName = "Tip CalculatorTests";
			productReference = DCBBFCD820192F900059959F /* Tip CalculatorTests.xctest */;
			productType = "com.apple.product-type.bundle.unit-test";
		};
		DCBBFCE220192F900059959F /* Tip CalculatorUITests */ = {
			isa = PBXNativeTarget;
			buildConfigurationList = DCBBFCF220192F900059959F /* Build configuration list for PBXNativeTarget "Tip CalculatorUITests" */;
			buildPhases = (
				DCBBFCDF20192F900059959F /* Sources */,
				DCBBFCE020192F900059959F /* Frameworks */,
				DCBBFCE120192F900059959F /* Resources */,
			);
			buildRules = (
			);
			dependencies = (
				DCBBFCE520192F900059959F /* PBXTargetDependency */,
			);
			name = "Tip CalculatorUITests";
			productName = "Tip CalculatorUITests";
			productReference = DCBBFCE320192F900059959F /* Tip CalculatorUITests.xctest */;
			productType = "com.apple.product-type.bundle.ui-testing";
		};
/* End PBXNativeTarget section */

/* Begin PBXProject section */
		DCBBFCBC20192F900059959F /* Project object */ = {
			isa = PBXProject;
			attributes = {
				LastSwiftUpdateCheck = 0830;
				LastUpgradeCheck = 0830;
				ORGANIZATIONNAME = "Judy Gatobu";
				TargetAttributes = {
					DCBBFCC320192F900059959F = {
						CreatedOnToolsVersion = 8.3.3;
						ProvisioningStyle = Automatic;
					};
					DCBBFCD720192F900059959F = {
						CreatedOnToolsVersion = 8.3.3;
						ProvisioningStyle = Automatic;
						TestTargetID = DCBBFCC320192F900059959F;
					};
					DCBBFCE220192F900059959F = {
						CreatedOnToolsVersion = 8.3.3;
						ProvisioningStyle = Automatic;
						TestTargetID = DCBBFCC320192F900059959F;
					};
				};
			};
			buildConfigurationList = DCBBFCBF20192F900059959F /* Build configuration list for PBXProject "Tip Calculator" */;
			compatibilityVersion = "Xcode 3.2";
			developmentRegion = English;
			hasScannedForEncodings = 0;
			knownRegions = (
				en,
				Base,
			);
			mainGroup = DCBBFCBB20192F900059959F;
			productRefGroup = DCBBFCC520192F900059959F /* Products */;
			projectDirPath = "";
			projectRoot = "";
			targets = (
				DCBBFCC320192F900059959F /* Tip Calculator */,
				DCBBFCD720192F900059959F /* Tip CalculatorTests */,
				DCBBFCE220192F900059959F /* Tip CalculatorUITests */,
			);
		};
/* End PBXProject section */

/* Begin PBXResourcesBuildPhase section */
		DCBBFCC220192F900059959F /* Resources */ = {
			isa = PBXResourcesBuildPhase;
			buildActionMask = 2147483647;
			files = (
				DCBBFCD220192F900059959F /* LaunchScreen.storyboard in Resources */,
				DCBBFCCF20192F900059959F /* Assets.xcassets in Resources */,
				DCBBFCCD20192F900059959F /* Main.storyboard in Resources */,
			);
			runOnlyForDeploymentPostprocessing = 0;
		};
		DCBBFCD620192F900059959F /* Resources */ = {
			isa = PBXResourcesBuildPhase;
			buildActionMask = 2147483647;
			files = (
			);
			runOnlyForDeploymentPostprocessing = 0;
		};
		DCBBFCE120192F900059959F /* Resources */ = {
			isa = PBXResourcesBuildPhase;
			buildActionMask = 2147483647;
			files = (
			);
			runOnlyForDeploymentPostprocessing = 0;
		};
/* End PBXResourcesBuildPhase section */

/* Begin PBXSourcesBuildPhase section */
		DCBBFCC020192F900059959F /* Sources */ = {
			isa = PBXSourcesBuildPhase;
			buildActionMask = 2147483647;
			files = (
				DCBBFCCA20192F900059959F /* ViewController.swift in Sources */,
				DCBBFCC820192F900059959F /* AppDelegate.swift in Sources */,
			);
			runOnlyForDeploymentPostprocessing = 0;
		};
		DCBBFCD420192F900059959F /* Sources */ = {
			isa = PBXSourcesBuildPhase;
			buildActionMask = 2147483647;
			files = (
				DCBBFCDD20192F900059959F /* Tip_CalculatorTests.swift in Sources */,
			);
			runOnlyForDeploymentPostprocessing = 0;
		};
		DCBBFCDF20192F900059959F /* Sources */ = {
			isa = PBXSourcesBuildPhase;
			buildActionMask = 2147483647;
			files = (
				DCBBFCE820192F900059959F /* Tip_CalculatorUITests.swift in Sources */,
			);
			runOnlyForDeploymentPostprocessing = 0;
		};
/* End PBXSourcesBuildPhase section */

/* Begin PBXTargetDependency section */
		DCBBFCDA20192F900059959F /* PBXTargetDependency */ = {
			isa = PBXTargetDependency;
			target = DCBBFCC320192F900059959F /* Tip Calculator */;
			targetProxy = DCBBFCD920192F900059959F /* PBXContainerItemProxy */;
		};
		DCBBFCE520192F900059959F /* PBXTargetDependency */ = {
			isa = PBXTargetDependency;
			target = DCBBFCC320192F900059959F /* Tip Calculator */;
			targetProxy = DCBBFCE420192F900059959F /* PBXContainerItemProxy */;
		};
/* End PBXTargetDependency section */

/* Begin PBXVariantGroup section */
		DCBBFCCB20192F900059959F /* Main.storyboard */ = {
			isa = PBXVariantGroup;
			children = (
				DCBBFCCC20192F900059959F /* Base */,
			);
			name = Main.storyboard;
			sourceTree = "<group>";
		};
		DCBBFCD020192F900059959F /* LaunchScreen.storyboard */ = {
			isa = PBXVariantGroup;
			children = (
				DCBBFCD120192F900059959F /* Base */,
			);
			name = LaunchScreen.storyboard;
			sourceTree = "<group>";
		};
/* End PBXVariantGroup section */

/* Begin XCBuildConfiguration section */
		DCBBFCEA20192F900059959F /* Debug */ = {
			isa = XCBuildConfiguration;
			buildSettings = {
				ALWAYS_SEARCH_USER_PATHS = NO;
				CLANG_ANALYZER_NONNULL = YES;
				CLANG_ANALYZER_NUMBER_OBJECT_CONVERSION = YES_AGGRESSIVE;
				CLANG_CXX_LANGUAGE_STANDARD = "gnu++0x";
				CLANG_CXX_LIBRARY = "libc++";
				CLANG_ENABLE_MODULES = YES;
				CLANG_ENABLE_OBJC_ARC = YES;
				CLANG_WARN_BOOL_CONVERSION = YES;
				CLANG_WARN_CONSTANT_CONVERSION = YES;
				CLANG_WARN_DIRECT_OBJC_ISA_USAGE = YES_ERROR;
				CLANG_WARN_DOCUMENTATION_COMMENTS = YES;
				CLANG_WARN_EMPTY_BODY = YES;
				CLANG_WARN_ENUM_CONVERSION = YES;
				CLANG_WARN_INFINITE_RECURSION = YES;
				CLANG_WARN_INT_CONVERSION = YES;
				CLANG_WARN_OBJC_ROOT_CLASS = YES_ERROR;
				CLANG_WARN_SUSPICIOUS_MOVE = YES;
				CLANG_WARN_UNREACHABLE_CODE = YES;
				CLANG_WARN__DUPLICATE_METHOD_MATCH = YES;
				"CODE_SIGN_IDENTITY[sdk=iphoneos*]" = "iPhone Developer";
				COPY_PHASE_STRIP = NO;
				DEBUG_INFORMATION_FORMAT = dwarf;
				ENABLE_STRICT_OBJC_MSGSEND = YES;
				ENABLE_TESTABILITY = YES;
				GCC_C_LANGUAGE_STANDARD = gnu99;
				GCC_DYNAMIC_NO_PIC = NO;
				GCC_NO_COMMON_BLOCKS = YES;
				GCC_OPTIMIZATION_LEVEL = 0;
				GCC_PREPROCESSOR_DEFINITIONS = (
					"DEBUG=1",
					"$(inherited)",
				);
				GCC_WARN_64_TO_32_BIT_CONVERSION = YES;
				GCC_WARN_ABOUT_RETURN_TYPE = YES_ERROR;
				GCC_WARN_UNDECLARED_SELECTOR = YES;
				GCC_WARN_UNINITIALIZED_AUTOS = YES_AGGRESSIVE;
				GCC_WARN_UNUSED_FUNCTION = YES;
				GCC_WARN_UNUSED_VARIABLE = YES;
				IPHONEOS_DEPLOYMENT_TARGET = 10.3;
				MTL_ENABLE_DEBUG_INFO = YES;
				ONLY_ACTIVE_ARCH = YES;
				SDKROOT = iphoneos;
				SWIFT_ACTIVE_COMPILATION_CONDITIONS = DEBUG;
				SWIFT_OPTIMIZATION_LEVEL = "-Onone";
			};
			name = Debug;
		};
		DCBBFCEB20192F900059959F /* Release */ = {
			isa = XCBuildConfiguration;
			buildSettings = {
				ALWAYS_SEARCH_USER_PATHS = NO;
				CLANG_ANALYZER_NONNULL = YES;
				CLANG_ANALYZER_NUMBER_OBJECT_CONVERSION = YES_AGGRESSIVE;
				CLANG_CXX_LANGUAGE_STANDARD = "gnu++0x";
				CLANG_CXX_LIBRARY = "libc++";
				CLANG_ENABLE_MODULES = YES;
				CLANG_ENABLE_OBJC_ARC = YES;
				CLANG_WARN_BOOL_CONVERSION = YES;
				CLANG_WARN_CONSTANT_CONVERSION = YES;
				CLANG_WARN_DIRECT_OBJC_ISA_USAGE = YES_ERROR;
				CLANG_WARN_DOCUMENTATION_COMMENTS = YES;
				CLANG_WARN_EMPTY_BODY = YES;
				CLANG_WARN_ENUM_CONVERSION = YES;
				CLANG_WARN_INFINITE_RECURSION = YES;
				CLANG_WARN_INT_CONVERSION = YES;
				CLANG_WARN_OBJC_ROOT_CLASS = YES_ERROR;
				CLANG_WARN_SUSPICIOUS_MOVE = YES;
				CLANG_WARN_UNREACHABLE_CODE = YES;
				CLANG_WARN__DUPLICATE_METHOD_MATCH = YES;
				"CODE_SIGN_IDENTITY[sdk=iphoneos*]" = "iPhone Developer";
				COPY_PHASE_STRIP = NO;
				DEBUG_INFORMATION_FORMAT = "dwarf-with-dsym";
				ENABLE_NS_ASSERTIONS = NO;
				ENABLE_STRICT_OBJC_MSGSEND = YES;
				GCC_C_LANGUAGE_STANDARD = gnu99;
				GCC_NO_COMMON_BLOCKS = YES;
				GCC_WARN_64_TO_32_BIT_CONVERSION = YES;
				GCC_WARN_ABOUT_RETURN_TYPE = YES_ERROR;
				GCC_WARN_UNDECLARED_SELECTOR = YES;
				GCC_WARN_UNINITIALIZED_AUTOS = YES_AGGRESSIVE;
				GCC_WARN_UNUSED_FUNCTION = YES;
				GCC_WARN_UNUSED_VARIABLE = YES;
				IPHONEOS_DEPLOYMENT_TARGET = 10.3;
				MTL_ENABLE_DEBUG_INFO = NO;
				SDKROOT = iphoneos;
				SWIFT_OPTIMIZATION_LEVEL = "-Owholemodule";
				VALIDATE_PRODUCT = YES;
			};
			name = Release;
		};
		DCBBFCED20192F900059959F /* Debug */ = {
			isa = XCBuildConfiguration;
			buildSettings = {
				ASSETCATALOG_COMPILER_APPICON_NAME = AppIcon;
				INFOPLIST_FILE = "Tip Calculator/Info.plist";
				LD_RUNPATH_SEARCH_PATHS = "$(inherited) @executable_path/Frameworks";
				PRODUCT_BUNDLE_IDENTIFIER = "project.Tip-Calculator";
				PRODUCT_NAME = "$(TARGET_NAME)";
				SWIFT_VERSION = 3.0;
			};
			name = Debug;
		};
		DCBBFCEE20192F900059959F /* Release */ = {
			isa = XCBuildConfiguration;
			buildSettings = {
				ASSETCATALOG_COMPILER_APPICON_NAME = AppIcon;
				INFOPLIST_FILE = "Tip Calculator/Info.plist";
				LD_RUNPATH_SEARCH_PATHS = "$(inherited) @executable_path/Frameworks";
				PRODUCT_BUNDLE_IDENTIFIER = "project.Tip-Calculator";
				PRODUCT_NAME = "$(TARGET_NAME)";
				SWIFT_VERSION = 3.0;
			};
			name = Release;
		};
		DCBBFCF020192F900059959F /* Debug */ = {
			isa = XCBuildConfiguration;
			buildSettings = {
				ALWAYS_EMBED_SWIFT_STANDARD_LIBRARIES = YES;
				BUNDLE_LOADER = "$(TEST_HOST)";
				INFOPLIST_FILE = "Tip CalculatorTests/Info.plist";
				LD_RUNPATH_SEARCH_PATHS = "$(inherited) @executable_path/Frameworks @loader_path/Frameworks";
				PRODUCT_BUNDLE_IDENTIFIER = "project.Tip-CalculatorTests";
				PRODUCT_NAME = "$(TARGET_NAME)";
				SWIFT_VERSION = 3.0;
				TEST_HOST = "$(BUILT_PRODUCTS_DIR)/Tip Calculator.app/Tip Calculator";
			};
			name = Debug;
		};
		DCBBFCF120192F900059959F /* Release */ = {
			isa = XCBuildConfiguration;
			buildSettings = {
				ALWAYS_EMBED_SWIFT_STANDARD_LIBRARIES = YES;
				BUNDLE_LOADER = "$(TEST_HOST)";
				INFOPLIST_FILE = "Tip CalculatorTests/Info.plist";
				LD_RUNPATH_SEARCH_PATHS = "$(inherited) @executable_path/Frameworks @loader_path/Frameworks";
				PRODUCT_BUNDLE_IDENTIFIER = "project.Tip-CalculatorTests";
				PRODUCT_NAME = "$(TARGET_NAME)";
				SWIFT_VERSION = 3.0;
				TEST_HOST = "$(BUILT_PRODUCTS_DIR)/Tip Calculator.app/Tip Calculator";
			};
			name = Release;
		};
		DCBBFCF320192F900059959F /* Debug */ = {
			isa = XCBuildConfiguration;
			buildSettings = {
				ALWAYS_EMBED_SWIFT_STANDARD_LIBRARIES = YES;
				INFOPLIST_FILE = "Tip CalculatorUITests/Info.plist";
				LD_RUNPATH_SEARCH_PATHS = "$(inherited) @executable_path/Frameworks @loader_path/Frameworks";
				PRODUCT_BUNDLE_IDENTIFIER = "project.Tip-CalculatorUITests";
				PRODUCT_NAME = "$(TARGET_NAME)";
				SWIFT_VERSION = 3.0;
				TEST_TARGET_NAME = "Tip Calculator";
			};
			name = Debug;
		};
		DCBBFCF420192F900059959F /* Release */ = {
			isa = XCBuildConfiguration;
			buildSettings = {
				ALWAYS_EMBED_SWIFT_STANDARD_LIBRARIES = YES;
				INFOPLIST_FILE = "Tip CalculatorUITests/Info.plist";
				LD_RUNPATH_SEARCH_PATHS = "$(inherited) @executable_path/Frameworks @loader_path/Frameworks";
				PRODUCT_BUNDLE_IDENTIFIER = "project.Tip-CalculatorUITests";
				PRODUCT_NAME = "$(TARGET_NAME)";
				SWIFT_VERSION = 3.0;
				TEST_TARGET_NAME = "Tip Calculator";
			};
			name = Release;
		};
/* End XCBuildConfiguration section */

/* Begin XCConfigurationList section */
		DCBBFCBF20192F900059959F /* Build configuration list for PBXProject "Tip Calculator" */ = {
			isa = XCConfigurationList;
			buildConfigurations = (
				DCBBFCEA20192F900059959F /* Debug */,
				DCBBFCEB20192F900059959F /* Release */,
			);
			defaultConfigurationIsVisible = 0;
			defaultConfigurationName = Release;
		};
		DCBBFCEC20192F900059959F /* Build configuration list for PBXNativeTarget "Tip Calculator" */ = {
			isa = XCConfigurationList;
			buildConfigurations = (
				DCBBFCED20192F900059959F /* Debug */,
				DCBBFCEE20192F900059959F /* Release */,
			);
			defaultConfigurationIsVisible = 0;
		};
		DCBBFCEF20192F900059959F /* Build configuration list for PBXNativeTarget "Tip CalculatorTests" */ = {
			isa = XCConfigurationList;
			buildConfigurations = (
				DCBBFCF020192F900059959F /* Debug */,
				DCBBFCF120192F900059959F /* Release */,
			);
			defaultConfigurationIsVisible = 0;
		};
		DCBBFCF220192F900059959F /* Build configuration list for PBXNativeTarget "Tip CalculatorUITests" */ = {
			isa = XCConfigurationList;
			buildConfigurations = (
				DCBBFCF320192F900059959F /* Debug */,
				DCBBFCF420192F900059959F /* Release */,
			);
			defaultConfigurationIsVisible = 0;
		};
/* End XCConfigurationList section */
	};
	rootObject = DCBBFCBC20192F900059959F /* Project object */;
}
